
Microsoft Visual Studio Solution File, Format Version 12.00
# Visual Studio Version 17
VisualStudioVersion = 17.3.32929.385
MinimumVisualStudioVersion = 10.0.40219.1
Project("{9A19103F-16F7-4668-BE54-9A1E7A4F7556}") = "NewlatterWepApi", "NewlatterWepApi\NewlatterWepApi.csproj", "{14C28B0C-8F28-4D5E-905B-8C9B01B7EC78}"
EndProject
Project("{54A90642-561A-4BB1-A94E-469ADEE60C69}") = "NewlatterUi", "NewlatterUi\NewlatterUi.esproj", "{CBC05B44-4268-41BC-8605-E151D98891B6}"
EndProject
Project("{9A19103F-16F7-4668-BE54-9A1E7A4F7556}") = "VehicleWebApi", "VehicleWebApi\VehicleWebApi.csproj", "{C899566B-2AF7-4E6A-910B-9558DCB964D3}"
EndProject
Project("{2150E333-8FDC-42A3-9474-1A3956D46DE8}") = "eCommerce", "eCommerce", "{2E5FEFD7-DE0E-4F3B-96C9-A9A2D4813E20}"
EndProject
Project("{9A19103F-16F7-4668-BE54-9A1E7A4F7556}") = "eCommerce.MVC", "MVC\eCommerce.MVC.csproj", "{BC8E198D-DFBC-4B1A-8D2F-2F7D985650C6}"
EndProject
Project("{9A19103F-16F7-4668-BE54-9A1E7A4F7556}") = "eCommerce.Application", "Application\eCommerce.Application.csproj", "{36A80F96-EE7B-4C54-B4B1-0CEA8BC6E678}"
EndProject
Project("{9A19103F-16F7-4668-BE54-9A1E7A4F7556}") = "eCommerce.Service", "Service\eCommerce.Service.csproj", "{01BFB04A-E4F7-4DD1-A5EC-B163DB1CB48E}"
EndProject
Project("{9A19103F-16F7-4668-BE54-9A1E7A4F7556}") = "eCommerce.DataAccess", "DataAccess\eCommerce.DataAccess.csproj", "{E51342A5-E7C1-48D6-BC45-21711ED8832C}"
EndProject
Project("{9A19103F-16F7-4668-BE54-9A1E7A4F7556}") = "eCommerce.Entity", "Entity\eCommerce.Entity.csproj", "{F728DDC7-C567-46BC-970D-6CAC8ABFE163}"
EndProject
Global
	GlobalSection(SolutionConfigurationPlatforms) = preSolution
		Debug|Any CPU = Debug|Any CPU
		Release|Any CPU = Release|Any CPU
	EndGlobalSection
	GlobalSection(ProjectConfigurationPlatforms) = postSolution
		{14C28B0C-8F28-4D5E-905B-8C9B01B7EC78}.Debug|Any CPU.ActiveCfg = Debug|Any CPU
		{14C28B0C-8F28-4D5E-905B-8C9B01B7EC78}.Debug|Any CPU.Build.0 = Debug|Any CPU
		{14C28B0C-8F28-4D5E-905B-8C9B01B7EC78}.Release|Any CPU.ActiveCfg = Release|Any CPU
		{14C28B0C-8F28-4D5E-905B-8C9B01B7EC78}.Release|Any CPU.Build.0 = Release|Any CPU
		{CBC05B44-4268-41BC-8605-E151D98891B6}.Debug|Any CPU.ActiveCfg = Debug|Any CPU
		{CBC05B44-4268-41BC-8605-E151D98891B6}.Debug|Any CPU.Build.0 = Debug|Any CPU
		{CBC05B44-4268-41BC-8605-E151D98891B6}.Debug|Any CPU.Deploy.0 = Debug|Any CPU
		{CBC05B44-4268-41BC-8605-E151D98891B6}.Release|Any CPU.ActiveCfg = Release|Any CPU
		{CBC05B44-4268-41BC-8605-E151D98891B6}.Release|Any CPU.Build.0 = Release|Any CPU
		{CBC05B44-4268-41BC-8605-E151D98891B6}.Release|Any CPU.Deploy.0 = Release|Any CPU
		{C899566B-2AF7-4E6A-910B-9558DCB964D3}.Debug|Any CPU.ActiveCfg = Debug|Any CPU
		{C899566B-2AF7-4E6A-910B-9558DCB964D3}.Debug|Any CPU.Build.0 = Debug|Any CPU
		{C899566B-2AF7-4E6A-910B-9558DCB964D3}.Release|Any CPU.ActiveCfg = Release|Any CPU
		{C899566B-2AF7-4E6A-910B-9558DCB964D3}.Release|Any CPU.Build.0 = Release|Any CPU
		{BC8E198D-DFBC-4B1A-8D2F-2F7D985650C6}.Debug|Any CPU.ActiveCfg = Debug|Any CPU
		{BC8E198D-DFBC-4B1A-8D2F-2F7D985650C6}.Debug|Any CPU.Build.0 = Debug|Any CPU
		{BC8E198D-DFBC-4B1A-8D2F-2F7D985650C6}.Release|Any CPU.ActiveCfg = Release|Any CPU
		{BC8E198D-DFBC-4B1A-8D2F-2F7D985650C6}.Release|Any CPU.Build.0 = Release|Any CPU
		{36A80F96-EE7B-4C54-B4B1-0CEA8BC6E678}.Debug|Any CPU.ActiveCfg = Debug|Any CPU
		{36A80F96-EE7B-4C54-B4B1-0CEA8BC6E678}.Debug|Any CPU.Build.0 = Debug|Any CPU
		{36A80F96-EE7B-4C54-B4B1-0CEA8BC6E678}.Release|Any CPU.ActiveCfg = Release|Any CPU
		{36A80F96-EE7B-4C54-B4B1-0CEA8BC6E678}.Release|Any CPU.Build.0 = Release|Any CPU
		{01BFB04A-E4F7-4DD1-A5EC-B163DB1CB48E}.Debug|Any CPU.ActiveCfg = Debug|Any CPU
		{01BFB04A-E4F7-4DD1-A5EC-B163DB1CB48E}.Debug|Any CPU.Build.0 = Debug|Any CPU
		{01BFB04A-E4F7-4DD1-A5EC-B163DB1CB48E}.Release|Any CPU.ActiveCfg = Release|Any CPU
		{01BFB04A-E4F7-4DD1-A5EC-B163DB1CB48E}.Release|Any CPU.Build.0 = Release|Any CPU
		{E51342A5-E7C1-48D6-BC45-21711ED8832C}.Debug|Any CPU.ActiveCfg = Debug|Any CPU
		{E51342A5-E7C1-48D6-BC45-21711ED8832C}.Debug|Any CPU.Build.0 = Debug|Any CPU
		{E51342A5-E7C1-48D6-BC45-21711ED8832C}.Release|Any CPU.ActiveCfg = Release|Any CPU
		{E51342A5-E7C1-48D6-BC45-21711ED8832C}.Release|Any CPU.Build.0 = Release|Any CPU
		{F728DDC7-C567-46BC-970D-6CAC8ABFE163}.Debug|Any CPU.ActiveCfg = Debug|Any CPU
		{F728DDC7-C567-46BC-970D-6CAC8ABFE163}.Debug|Any CPU.Build.0 = Debug|Any CPU
		{F728DDC7-C567-46BC-970D-6CAC8ABFE163}.Release|Any CPU.ActiveCfg = Release|Any CPU
		{F728DDC7-C567-46BC-970D-6CAC8ABFE163}.Release|Any CPU.Build.0 = Release|Any CPU
	EndGlobalSection
	GlobalSection(SolutionProperties) = preSolution
		HideSolutionNode = FALSE
	EndGlobalSection
	GlobalSection(NestedProjects) = preSolution
		{BC8E198D-DFBC-4B1A-8D2F-2F7D985650C6} = {2E5FEFD7-DE0E-4F3B-96C9-A9A2D4813E20}
		{36A80F96-EE7B-4C54-B4B1-0CEA8BC6E678} = {2E5FEFD7-DE0E-4F3B-96C9-A9A2D4813E20}
		{01BFB04A-E4F7-4DD1-A5EC-B163DB1CB48E} = {2E5FEFD7-DE0E-4F3B-96C9-A9A2D4813E20}
		{E51342A5-E7C1-48D6-BC45-21711ED8832C} = {2E5FEFD7-DE0E-4F3B-96C9-A9A2D4813E20}
		{F728DDC7-C567-46BC-970D-6CAC8ABFE163} = {2E5FEFD7-DE0E-4F3B-96C9-A9A2D4813E20}
	EndGlobalSection
	GlobalSection(ExtensibilityGlobals) = postSolution
		SolutionGuid = {2CCC497A-A622-422B-A72F-C429B893E4BA}
	EndGlobalSection
EndGlobal
